
Microsoft Visual Studio Solution File, Format Version 12.00
# Visual Studio 15
VisualStudioVersion = 15.0.28010.2036
MinimumVisualStudioVersion = 10.0.40219.1
Project("{FAE04EC0-301F-11D3-BF4B-00C04F79EFBC}") = "MisApis", "MisApis\MisApis.csproj", "{4CA8D011-FE64-4D55-86B4-460A04D1EFC4}"
EndProject
Global
	GlobalSection(SolutionConfigurationPlatforms) = preSolution
		Debug|Any CPU = Debug|Any CPU
		Release|Any CPU = Release|Any CPU
	EndGlobalSection
	GlobalSection(ProjectConfigurationPlatforms) = postSolution
		{4CA8D011-FE64-4D55-86B4-460A04D1EFC4}.Debug|Any CPU.ActiveCfg = Debug|Any CPU
		{4CA8D011-FE64-4D55-86B4-460A04D1EFC4}.Debug|Any CPU.Build.0 = Debug|Any CPU
		{4CA8D011-FE64-4D55-86B4-460A04D1EFC4}.Release|Any CPU.ActiveCfg = Release|Any CPU
		{4CA8D011-FE64-4D55-86B4-460A04D1EFC4}.Release|Any CPU.Build.0 = Release|Any CPU
	EndGlobalSection
	GlobalSection(SolutionProperties) = preSolution
		HideSolutionNode = FALSE
	EndGlobalSection
	GlobalSection(ExtensibilityGlobals) = postSolution
		SolutionGuid = {C63219C5-7D10-4CEA-BCDC-C1583B3F20D2}
	EndGlobalSection
EndGlobal
